// !$*UTF8*$!
{
	archiveVersion = 1;
	classes = {
	};
	objectVersion = 56;
	objects = {

/* Begin PBXBuildFile section */
		D629E5C62A19E4DB007D908C /* ColorExtentions.swift in Sources */ = {isa = PBXBuildFile; fileRef = D629E5C52A19E4DB007D908C /* ColorExtentions.swift */; };
		D629E5C82A19ED56007D908C /* AttackerNode.swift in Sources */ = {isa = PBXBuildFile; fileRef = D629E5C72A19ED56007D908C /* AttackerNode.swift */; };
		D629E5CA2A1A3150007D908C /* Constants.swift in Sources */ = {isa = PBXBuildFile; fileRef = D629E5C92A1A3150007D908C /* Constants.swift */; };
		D629E5CC2A1A3AB6007D908C /* DefenderNode.swift in Sources */ = {isa = PBXBuildFile; fileRef = D629E5CB2A1A3AB6007D908C /* DefenderNode.swift */; };
		D629E5CF2A1A8741007D908C /* GamePadController.swift in Sources */ = {isa = PBXBuildFile; fileRef = D629E5CE2A1A8741007D908C /* GamePadController.swift */; };
		D629E5D42A1A8823007D908C /* Poppins-SemiBold.ttf in Resources */ = {isa = PBXBuildFile; fileRef = D629E5D12A1A8822007D908C /* Poppins-SemiBold.ttf */; };
		D629E5D52A1A8823007D908C /* Poppins-Bold.ttf in Resources */ = {isa = PBXBuildFile; fileRef = D629E5D22A1A8822007D908C /* Poppins-Bold.ttf */; };
		D629E5D62A1A8823007D908C /* Poppins-Regular.ttf in Resources */ = {isa = PBXBuildFile; fileRef = D629E5D32A1A8823007D908C /* Poppins-Regular.ttf */; };
		D65327C22A18DE1A002C7E9E /* GalasinApp.swift in Sources */ = {isa = PBXBuildFile; fileRef = D65327C12A18DE1A002C7E9E /* GalasinApp.swift */; };
		D65327C42A18DE1A002C7E9E /* ContentView.swift in Sources */ = {isa = PBXBuildFile; fileRef = D65327C32A18DE1A002C7E9E /* ContentView.swift */; };
		D65327C62A18DE1A002C7E9E /* Assets.xcassets in Resources */ = {isa = PBXBuildFile; fileRef = D65327C52A18DE1A002C7E9E /* Assets.xcassets */; };
		D65327C92A18DE1A002C7E9E /* Preview Assets.xcassets in Resources */ = {isa = PBXBuildFile; fileRef = D65327C82A18DE1A002C7E9E /* Preview Assets.xcassets */; };
		D65327E12A18E0EE002C7E9E /* Kodchasan-Bold.ttf in Resources */ = {isa = PBXBuildFile; fileRef = D65327DF2A18E0EE002C7E9E /* Kodchasan-Bold.ttf */; };
		D65327E22A18E0EE002C7E9E /* Kodchasan-SemiBold.ttf in Resources */ = {isa = PBXBuildFile; fileRef = D65327E02A18E0EE002C7E9E /* Kodchasan-SemiBold.ttf */; };
		D65327E62A191568002C7E9E /* GameManager.swift in Sources */ = {isa = PBXBuildFile; fileRef = D65327E52A191568002C7E9E /* GameManager.swift */; };
		D65327E92A191E3B002C7E9E /* GameView.swift in Sources */ = {isa = PBXBuildFile; fileRef = D65327E82A191E3B002C7E9E /* GameView.swift */; };
		D65327EB2A1928E6002C7E9E /* GameScene.swift in Sources */ = {isa = PBXBuildFile; fileRef = D65327EA2A1928E6002C7E9E /* GameScene.swift */; };
		D6C9A1952A1DE580001E1188 /* HomePage.swift in Sources */ = {isa = PBXBuildFile; fileRef = D6C9A1942A1DE580001E1188 /* HomePage.swift */; };
		D6E0D5772A1B7E0E00A7FBE0 /* PhysicalCategory.swift in Sources */ = {isa = PBXBuildFile; fileRef = D6E0D5762A1B7E0E00A7FBE0 /* PhysicalCategory.swift */; };
/* End PBXBuildFile section */

/* Begin PBXFileReference section */
		D629E5C52A19E4DB007D908C /* ColorExtentions.swift */ = {isa = PBXFileReference; lastKnownFileType = sourcecode.swift; path = ColorExtentions.swift; sourceTree = "<group>"; };
		D629E5C72A19ED56007D908C /* AttackerNode.swift */ = {isa = PBXFileReference; lastKnownFileType = sourcecode.swift; path = AttackerNode.swift; sourceTree = "<group>"; };
		D629E5C92A1A3150007D908C /* Constants.swift */ = {isa = PBXFileReference; lastKnownFileType = sourcecode.swift; path = Constants.swift; sourceTree = "<group>"; };
		D629E5CB2A1A3AB6007D908C /* DefenderNode.swift */ = {isa = PBXFileReference; lastKnownFileType = sourcecode.swift; path = DefenderNode.swift; sourceTree = "<group>"; };
		D629E5CE2A1A8741007D908C /* GamePadController.swift */ = {isa = PBXFileReference; lastKnownFileType = sourcecode.swift; path = GamePadController.swift; sourceTree = "<group>"; };
		D629E5D12A1A8822007D908C /* Poppins-SemiBold.ttf */ = {isa = PBXFileReference; lastKnownFileType = file; path = "Poppins-SemiBold.ttf"; sourceTree = "<group>"; };
		D629E5D22A1A8822007D908C /* Poppins-Bold.ttf */ = {isa = PBXFileReference; lastKnownFileType = file; path = "Poppins-Bold.ttf"; sourceTree = "<group>"; };
		D629E5D32A1A8823007D908C /* Poppins-Regular.ttf */ = {isa = PBXFileReference; lastKnownFileType = file; path = "Poppins-Regular.ttf"; sourceTree = "<group>"; };
		D629E5D72A1A8D58007D908C /* Galasin.entitlements */ = {isa = PBXFileReference; lastKnownFileType = text.plist.entitlements; path = Galasin.entitlements; sourceTree = "<group>"; };
		D65327BE2A18DE1A002C7E9E /* Galasin.app */ = {isa = PBXFileReference; explicitFileType = wrapper.application; includeInIndex = 0; path = Galasin.app; sourceTree = BUILT_PRODUCTS_DIR; };
		D65327C12A18DE1A002C7E9E /* GalasinApp.swift */ = {isa = PBXFileReference; lastKnownFileType = sourcecode.swift; path = GalasinApp.swift; sourceTree = "<group>"; };
		D65327C32A18DE1A002C7E9E /* ContentView.swift */ = {isa = PBXFileReference; lastKnownFileType = sourcecode.swift; path = ContentView.swift; sourceTree = "<group>"; };
		D65327C52A18DE1A002C7E9E /* Assets.xcassets */ = {isa = PBXFileReference; lastKnownFileType = folder.assetcatalog; path = Assets.xcassets; sourceTree = "<group>"; };
		D65327C82A18DE1A002C7E9E /* Preview Assets.xcassets */ = {isa = PBXFileReference; lastKnownFileType = folder.assetcatalog; path = "Preview Assets.xcassets"; sourceTree = "<group>"; };
		D65327DE2A18DEF0002C7E9E /* Info.plist */ = {isa = PBXFileReference; lastKnownFileType = text.plist.xml; path = Info.plist; sourceTree = "<group>"; };
		D65327DF2A18E0EE002C7E9E /* Kodchasan-Bold.ttf */ = {isa = PBXFileReference; lastKnownFileType = file; path = "Kodchasan-Bold.ttf"; sourceTree = "<group>"; };
		D65327E02A18E0EE002C7E9E /* Kodchasan-SemiBold.ttf */ = {isa = PBXFileReference; lastKnownFileType = file; path = "Kodchasan-SemiBold.ttf"; sourceTree = "<group>"; };
		D65327E52A191568002C7E9E /* GameManager.swift */ = {isa = PBXFileReference; lastKnownFileType = sourcecode.swift; path = GameManager.swift; sourceTree = "<group>"; };
		D65327E82A191E3B002C7E9E /* GameView.swift */ = {isa = PBXFileReference; lastKnownFileType = sourcecode.swift; path = GameView.swift; sourceTree = "<group>"; };
		D65327EA2A1928E6002C7E9E /* GameScene.swift */ = {isa = PBXFileReference; lastKnownFileType = sourcecode.swift; path = GameScene.swift; sourceTree = "<group>"; };
		D6C9A1942A1DE580001E1188 /* HomePage.swift */ = {isa = PBXFileReference; lastKnownFileType = sourcecode.swift; path = HomePage.swift; sourceTree = "<group>"; };
		D6E0D5762A1B7E0E00A7FBE0 /* PhysicalCategory.swift */ = {isa = PBXFileReference; lastKnownFileType = sourcecode.swift; path = PhysicalCategory.swift; sourceTree = "<group>"; };
/* End PBXFileReference section */

/* Begin PBXFrameworksBuildPhase section */
		D65327BB2A18DE1A002C7E9E /* Frameworks */ = {
			isa = PBXFrameworksBuildPhase;
			buildActionMask = 2147483647;
			files = (
			);
			runOnlyForDeploymentPostprocessing = 0;
		};
/* End PBXFrameworksBuildPhase section */

/* Begin PBXGroup section */
		D60CB42E2A1B0EF500576183 /* Scenes */ = {
			isa = PBXGroup;
			children = (
				D65327EA2A1928E6002C7E9E /* GameScene.swift */,
			);
			path = Scenes;
			sourceTree = "<group>";
		};
		D629E5CD2A1A872F007D908C /* Components */ = {
			isa = PBXGroup;
			children = (
				D629E5CE2A1A8741007D908C /* GamePadController.swift */,
			);
			path = Components;
			sourceTree = "<group>";
		};
		D629E5D02A1A8817007D908C /* Popppins */ = {
			isa = PBXGroup;
			children = (
				D629E5D22A1A8822007D908C /* Poppins-Bold.ttf */,
				D629E5D32A1A8823007D908C /* Poppins-Regular.ttf */,
				D629E5D12A1A8822007D908C /* Poppins-SemiBold.ttf */,
			);
			path = Popppins;
			sourceTree = "<group>";
		};
		D65327B52A18DE1A002C7E9E = {
			isa = PBXGroup;
			children = (
				D65327C02A18DE1A002C7E9E /* Galasin */,
				D65327BF2A18DE1A002C7E9E /* Products */,
			);
			sourceTree = "<group>";
		};
		D65327BF2A18DE1A002C7E9E /* Products */ = {
			isa = PBXGroup;
			children = (
				D65327BE2A18DE1A002C7E9E /* Galasin.app */,
			);
			name = Products;
			sourceTree = "<group>";
		};
		D65327C02A18DE1A002C7E9E /* Galasin */ = {
			isa = PBXGroup;
			children = (
				D629E5D72A1A8D58007D908C /* Galasin.entitlements */,
				D65327C12A18DE1A002C7E9E /* GalasinApp.swift */,
				D65327E72A1915BC002C7E9E /* Models */,
				D65327E32A19151E002C7E9E /* Views */,
				D65327E42A191523002C7E9E /* ViewModels */,
				D6A42C812A19C57E00772777 /* Utils */,
				D65327CF2A18DE91002C7E9E /* Resources */,
				D65327C72A18DE1A002C7E9E /* Preview Content */,
			);
			path = Galasin;
			sourceTree = "<group>";
		};
		D65327C72A18DE1A002C7E9E /* Preview Content */ = {
			isa = PBXGroup;
			children = (
				D65327C82A18DE1A002C7E9E /* Preview Assets.xcassets */,
			);
			path = "Preview Content";
			sourceTree = "<group>";
		};
		D65327CF2A18DE91002C7E9E /* Resources */ = {
			isa = PBXGroup;
			children = (
				D65327C52A18DE1A002C7E9E /* Assets.xcassets */,
				D65327DE2A18DEF0002C7E9E /* Info.plist */,
				D65327D02A18DE98002C7E9E /* Fonts */,
			);
			path = Resources;
			sourceTree = "<group>";
		};
		D65327D02A18DE98002C7E9E /* Fonts */ = {
			isa = PBXGroup;
			children = (
				D629E5D02A1A8817007D908C /* Popppins */,
				D65327D12A18DE9D002C7E9E /* Kodchasan */,
			);
			path = Fonts;
			sourceTree = "<group>";
		};
		D65327D12A18DE9D002C7E9E /* Kodchasan */ = {
			isa = PBXGroup;
			children = (
				D65327DF2A18E0EE002C7E9E /* Kodchasan-Bold.ttf */,
				D65327E02A18E0EE002C7E9E /* Kodchasan-SemiBold.ttf */,
			);
			path = Kodchasan;
			sourceTree = "<group>";
		};
		D65327E32A19151E002C7E9E /* Views */ = {
			isa = PBXGroup;
			children = (
				D6C9A1932A1DE571001E1188 /* Pages */,
				D629E5CD2A1A872F007D908C /* Components */,
				D60CB42E2A1B0EF500576183 /* Scenes */,
				D65327C32A18DE1A002C7E9E /* ContentView.swift */,
			);
			path = Views;
			sourceTree = "<group>";
		};
		D65327E42A191523002C7E9E /* ViewModels */ = {
			isa = PBXGroup;
			children = (
				D65327E52A191568002C7E9E /* GameManager.swift */,
			);
			path = ViewModels;
			sourceTree = "<group>";
		};
		D65327E72A1915BC002C7E9E /* Models */ = {
			isa = PBXGroup;
			children = (
				D629E5C72A19ED56007D908C /* AttackerNode.swift */,
				D629E5CB2A1A3AB6007D908C /* DefenderNode.swift */,
			);
			path = Models;
			sourceTree = "<group>";
		};
		D6A42C812A19C57E00772777 /* Utils */ = {
			isa = PBXGroup;
			children = (
				D629E5C52A19E4DB007D908C /* ColorExtentions.swift */,
				D629E5C92A1A3150007D908C /* Constants.swift */,
				D6E0D5762A1B7E0E00A7FBE0 /* PhysicalCategory.swift */,
			);
			path = Utils;
			sourceTree = "<group>";
		};
		D6C9A1932A1DE571001E1188 /* Pages */ = {
			isa = PBXGroup;
			children = (
				D65327E82A191E3B002C7E9E /* GameView.swift */,
				D6C9A1942A1DE580001E1188 /* HomePage.swift */,
			);
			path = Pages;
			sourceTree = "<group>";
		};
/* End PBXGroup section */

/* Begin PBXNativeTarget section */
		D65327BD2A18DE1A002C7E9E /* Galasin */ = {
			isa = PBXNativeTarget;
			buildConfigurationList = D65327CC2A18DE1A002C7E9E /* Build configuration list for PBXNativeTarget "Galasin" */;
			buildPhases = (
				D65327BA2A18DE1A002C7E9E /* Sources */,
				D65327BB2A18DE1A002C7E9E /* Frameworks */,
				D65327BC2A18DE1A002C7E9E /* Resources */,
			);
			buildRules = (
			);
			dependencies = (
			);
			name = Galasin;
			productName = Galasin;
			productReference = D65327BE2A18DE1A002C7E9E /* Galasin.app */;
			productType = "com.apple.product-type.application";
		};
/* End PBXNativeTarget section */

/* Begin PBXProject section */
		D65327B62A18DE1A002C7E9E /* Project object */ = {
			isa = PBXProject;
			attributes = {
				BuildIndependentTargetsInParallel = 1;
				LastSwiftUpdateCheck = 1430;
				LastUpgradeCheck = 1430;
				TargetAttributes = {
					D65327BD2A18DE1A002C7E9E = {
						CreatedOnToolsVersion = 14.3;
					};
				};
			};
			buildConfigurationList = D65327B92A18DE1A002C7E9E /* Build configuration list for PBXProject "Galasin" */;
			compatibilityVersion = "Xcode 14.0";
			developmentRegion = en;
			hasScannedForEncodings = 0;
			knownRegions = (
				en,
				Base,
			);
			mainGroup = D65327B52A18DE1A002C7E9E;
			productRefGroup = D65327BF2A18DE1A002C7E9E /* Products */;
			projectDirPath = "";
			projectRoot = "";
			targets = (
				D65327BD2A18DE1A002C7E9E /* Galasin */,
			);
		};
/* End PBXProject section */

/* Begin PBXResourcesBuildPhase section */
		D65327BC2A18DE1A002C7E9E /* Resources */ = {
			isa = PBXResourcesBuildPhase;
			buildActionMask = 2147483647;
			files = (
				D629E5D42A1A8823007D908C /* Poppins-SemiBold.ttf in Resources */,
				D629E5D52A1A8823007D908C /* Poppins-Bold.ttf in Resources */,
				D629E5D62A1A8823007D908C /* Poppins-Regular.ttf in Resources */,
				D65327E12A18E0EE002C7E9E /* Kodchasan-Bold.ttf in Resources */,
				D65327C92A18DE1A002C7E9E /* Preview Assets.xcassets in Resources */,
				D65327E22A18E0EE002C7E9E /* Kodchasan-SemiBold.ttf in Resources */,
				D65327C62A18DE1A002C7E9E /* Assets.xcassets in Resources */,
			);
			runOnlyForDeploymentPostprocessing = 0;
		};
/* End PBXResourcesBuildPhase section */

/* Begin PBXSourcesBuildPhase section */
		D65327BA2A18DE1A002C7E9E /* Sources */ = {
			isa = PBXSourcesBuildPhase;
			buildActionMask = 2147483647;
			files = (
				D629E5C82A19ED56007D908C /* AttackerNode.swift in Sources */,
				D65327EB2A1928E6002C7E9E /* GameScene.swift in Sources */,
				D65327C42A18DE1A002C7E9E /* ContentView.swift in Sources */,
				D65327E62A191568002C7E9E /* GameManager.swift in Sources */,
				D629E5CC2A1A3AB6007D908C /* DefenderNode.swift in Sources */,
				D6E0D5772A1B7E0E00A7FBE0 /* PhysicalCategory.swift in Sources */,
				D65327E92A191E3B002C7E9E /* GameView.swift in Sources */,
				D65327C22A18DE1A002C7E9E /* GalasinApp.swift in Sources */,
				D629E5CF2A1A8741007D908C /* GamePadController.swift in Sources */,
				D6C9A1952A1DE580001E1188 /* HomePage.swift in Sources */,
				D629E5C62A19E4DB007D908C /* ColorExtentions.swift in Sources */,
				D629E5CA2A1A3150007D908C /* Constants.swift in Sources */,
			);
			runOnlyForDeploymentPostprocessing = 0;
		};
/* End PBXSourcesBuildPhase section */

/* Begin XCBuildConfiguration section */
		D65327CA2A18DE1A002C7E9E /* Debug */ = {
			isa = XCBuildConfiguration;
			buildSettings = {
				ALWAYS_SEARCH_USER_PATHS = NO;
				CLANG_ANALYZER_NONNULL = YES;
				CLANG_ANALYZER_NUMBER_OBJECT_CONVERSION = YES_AGGRESSIVE;
				CLANG_CXX_LANGUAGE_STANDARD = "gnu++20";
				CLANG_ENABLE_MODULES = YES;
				CLANG_ENABLE_OBJC_ARC = YES;
				CLANG_ENABLE_OBJC_WEAK = YES;
				CLANG_WARN_BLOCK_CAPTURE_AUTORELEASING = YES;
				CLANG_WARN_BOOL_CONVERSION = YES;
				CLANG_WARN_COMMA = YES;
				CLANG_WARN_CONSTANT_CONVERSION = YES;
				CLANG_WARN_DEPRECATED_OBJC_IMPLEMENTATIONS = YES;
				CLANG_WARN_DIRECT_OBJC_ISA_USAGE = YES_ERROR;
				CLANG_WARN_DOCUMENTATION_COMMENTS = YES;
				CLANG_WARN_EMPTY_BODY = YES;
				CLANG_WARN_ENUM_CONVERSION = YES;
				CLANG_WARN_INFINITE_RECURSION = YES;
				CLANG_WARN_INT_CONVERSION = YES;
				CLANG_WARN_NON_LITERAL_NULL_CONVERSION = YES;
				CLANG_WARN_OBJC_IMPLICIT_RETAIN_SELF = YES;
				CLANG_WARN_OBJC_LITERAL_CONVERSION = YES;
				CLANG_WARN_OBJC_ROOT_CLASS = YES_ERROR;
				CLANG_WARN_QUOTED_INCLUDE_IN_FRAMEWORK_HEADER = YES;
				CLANG_WARN_RANGE_LOOP_ANALYSIS = YES;
				CLANG_WARN_STRICT_PROTOTYPES = YES;
				CLANG_WARN_SUSPICIOUS_MOVE = YES;
				CLANG_WARN_UNGUARDED_AVAILABILITY = YES_AGGRESSIVE;
				CLANG_WARN_UNREACHABLE_CODE = YES;
				CLANG_WARN__DUPLICATE_METHOD_MATCH = YES;
				COPY_PHASE_STRIP = NO;
				DEBUG_INFORMATION_FORMAT = dwarf;
				ENABLE_STRICT_OBJC_MSGSEND = YES;
				ENABLE_TESTABILITY = YES;
				GCC_C_LANGUAGE_STANDARD = gnu11;
				GCC_DYNAMIC_NO_PIC = NO;
				GCC_NO_COMMON_BLOCKS = YES;
				GCC_OPTIMIZATION_LEVEL = 0;
				GCC_PREPROCESSOR_DEFINITIONS = (
					"DEBUG=1",
					"$(inherited)",
				);
				GCC_WARN_64_TO_32_BIT_CONVERSION = YES;
				GCC_WARN_ABOUT_RETURN_TYPE = YES_ERROR;
				GCC_WARN_UNDECLARED_SELECTOR = YES;
				GCC_WARN_UNINITIALIZED_AUTOS = YES_AGGRESSIVE;
				GCC_WARN_UNUSED_FUNCTION = YES;
				GCC_WARN_UNUSED_VARIABLE = YES;
				IPHONEOS_DEPLOYMENT_TARGET = 16.4;
				MTL_ENABLE_DEBUG_INFO = INCLUDE_SOURCE;
				MTL_FAST_MATH = YES;
				ONLY_ACTIVE_ARCH = YES;
				SDKROOT = iphoneos;
				SWIFT_ACTIVE_COMPILATION_CONDITIONS = DEBUG;
				SWIFT_OPTIMIZATION_LEVEL = "-Onone";
			};
			name = Debug;
		};
		D65327CB2A18DE1A002C7E9E /* Release */ = {
			isa = XCBuildConfiguration;
			buildSettings = {
				ALWAYS_SEARCH_USER_PATHS = NO;
				CLANG_ANALYZER_NONNULL = YES;
				CLANG_ANALYZER_NUMBER_OBJECT_CONVERSION = YES_AGGRESSIVE;
				CLANG_CXX_LANGUAGE_STANDARD = "gnu++20";
				CLANG_ENABLE_MODULES = YES;
				CLANG_ENABLE_OBJC_ARC = YES;
				CLANG_ENABLE_OBJC_WEAK = YES;
				CLANG_WARN_BLOCK_CAPTURE_AUTORELEASING = YES;
				CLANG_WARN_BOOL_CONVERSION = YES;
				CLANG_WARN_COMMA = YES;
				CLANG_WARN_CONSTANT_CONVERSION = YES;
				CLANG_WARN_DEPRECATED_OBJC_IMPLEMENTATIONS = YES;
				CLANG_WARN_DIRECT_OBJC_ISA_USAGE = YES_ERROR;
				CLANG_WARN_DOCUMENTATION_COMMENTS = YES;
				CLANG_WARN_EMPTY_BODY = YES;
				CLANG_WARN_ENUM_CONVERSION = YES;
				CLANG_WARN_INFINITE_RECURSION = YES;
				CLANG_WARN_INT_CONVERSION = YES;
				CLANG_WARN_NON_LITERAL_NULL_CONVERSION = YES;
				CLANG_WARN_OBJC_IMPLICIT_RETAIN_SELF = YES;
				CLANG_WARN_OBJC_LITERAL_CONVERSION = YES;
				CLANG_WARN_OBJC_ROOT_CLASS = YES_ERROR;
				CLANG_WARN_QUOTED_INCLUDE_IN_FRAMEWORK_HEADER = YES;
				CLANG_WARN_RANGE_LOOP_ANALYSIS = YES;
				CLANG_WARN_STRICT_PROTOTYPES = YES;
				CLANG_WARN_SUSPICIOUS_MOVE = YES;
				CLANG_WARN_UNGUARDED_AVAILABILITY = YES_AGGRESSIVE;
				CLANG_WARN_UNREACHABLE_CODE = YES;
				CLANG_WARN__DUPLICATE_METHOD_MATCH = YES;
				COPY_PHASE_STRIP = NO;
				DEBUG_INFORMATION_FORMAT = "dwarf-with-dsym";
				ENABLE_NS_ASSERTIONS = NO;
				ENABLE_STRICT_OBJC_MSGSEND = YES;
				GCC_C_LANGUAGE_STANDARD = gnu11;
				GCC_NO_COMMON_BLOCKS = YES;
				GCC_WARN_64_TO_32_BIT_CONVERSION = YES;
				GCC_WARN_ABOUT_RETURN_TYPE = YES_ERROR;
				GCC_WARN_UNDECLARED_SELECTOR = YES;
				GCC_WARN_UNINITIALIZED_AUTOS = YES_AGGRESSIVE;
				GCC_WARN_UNUSED_FUNCTION = YES;
				GCC_WARN_UNUSED_VARIABLE = YES;
				IPHONEOS_DEPLOYMENT_TARGET = 16.4;
				MTL_ENABLE_DEBUG_INFO = NO;
				MTL_FAST_MATH = YES;
				SDKROOT = iphoneos;
				SWIFT_COMPILATION_MODE = wholemodule;
				SWIFT_OPTIMIZATION_LEVEL = "-O";
				VALIDATE_PRODUCT = YES;
			};
			name = Release;
		};
		D65327CD2A18DE1A002C7E9E /* Debug */ = {
			isa = XCBuildConfiguration;
			buildSettings = {
				ASSETCATALOG_COMPILER_APPICON_NAME = AppIcon;
				ASSETCATALOG_COMPILER_GLOBAL_ACCENT_COLOR_NAME = AccentColor;
				CODE_SIGN_ENTITLEMENTS = Galasin/Galasin.entitlements;
				CODE_SIGN_STYLE = Automatic;
				CURRENT_PROJECT_VERSION = 1;
				DEVELOPMENT_ASSET_PATHS = "\"Galasin/Preview Content\"";
				DEVELOPMENT_TEAM = 47BZXPDJKC;
				ENABLE_PREVIEWS = YES;
				GENERATE_INFOPLIST_FILE = YES;
				INFOPLIST_FILE = Galasin/Resources/Info.plist;
				INFOPLIST_KEY_CFBundleDisplayName = Galasin;
				INFOPLIST_KEY_LSApplicationCategoryType = "public.app-category.games";
				INFOPLIST_KEY_UIApplicationSceneManifest_Generation = YES;
				INFOPLIST_KEY_UIApplicationSupportsIndirectInputEvents = YES;
				INFOPLIST_KEY_UILaunchScreen_Generation = YES;
				INFOPLIST_KEY_UIRequiresFullScreen = YES;
				INFOPLIST_KEY_UISupportedInterfaceOrientations = UIInterfaceOrientationPortrait;
				IPHONEOS_DEPLOYMENT_TARGET = 16.0;
				LD_RUNPATH_SEARCH_PATHS = (
					"$(inherited)",
					"@executable_path/Frameworks",
				);
				MARKETING_VERSION = 1.0;
				PRODUCT_BUNDLE_IDENTIFIER = com.andriawan24.Galasin;
				PRODUCT_NAME = "$(TARGET_NAME)";
				SWIFT_EMIT_LOC_STRINGS = YES;
				SWIFT_VERSION = 5.0;
				TARGETED_DEVICE_FAMILY = "1,2";
			};
			name = Debug;
		};
		D65327CE2A18DE1A002C7E9E /* Release */ = {
			isa = XCBuildConfiguration;
			buildSettings = {
				ASSETCATALOG_COMPILER_APPICON_NAME = AppIcon;
				ASSETCATALOG_COMPILER_GLOBAL_ACCENT_COLOR_NAME = AccentColor;
				CODE_SIGN_ENTITLEMENTS = Galasin/Galasin.entitlements;
				CODE_SIGN_STYLE = Automatic;
				CURRENT_PROJECT_VERSION = 1;
				DEVELOPMENT_ASSET_PATHS = "\"Galasin/Preview Content\"";
				DEVELOPMENT_TEAM = 47BZXPDJKC;
				ENABLE_PREVIEWS = YES;
				GENERATE_INFOPLIST_FILE = YES;
				INFOPLIST_FILE = Galasin/Resources/Info.plist;
				INFOPLIST_KEY_CFBundleDisplayName = Galasin;
				INFOPLIST_KEY_LSApplicationCategoryType = "public.app-category.games";
				INFOPLIST_KEY_UIApplicationSceneManifest_Generation = YES;
				INFOPLIST_KEY_UIApplicationSupportsIndirectInputEvents = YES;
				INFOPLIST_KEY_UILaunchScreen_Generation = YES;
				INFOPLIST_KEY_UIRequiresFullScreen = YES;
				INFOPLIST_KEY_UISupportedInterfaceOrientations = UIInterfaceOrientationPortrait;
				IPHONEOS_DEPLOYMENT_TARGET = 16.0;
				LD_RUNPATH_SEARCH_PATHS = (
					"$(inherited)",
					"@executable_path/Frameworks",
				);
				MARKETING_VERSION = 1.0;
				PRODUCT_BUNDLE_IDENTIFIER = com.andriawan24.Galasin;
				PRODUCT_NAME = "$(TARGET_NAME)";
				SWIFT_EMIT_LOC_STRINGS = YES;
				SWIFT_VERSION = 5.0;
				TARGETED_DEVICE_FAMILY = "1,2";
			};
			name = Release;
		};
/* End XCBuildConfiguration section */

/* Begin XCConfigurationList section */
		D65327B92A18DE1A002C7E9E /* Build configuration list for PBXProject "Galasin" */ = {
			isa = XCConfigurationList;
			buildConfigurations = (
				D65327CA2A18DE1A002C7E9E /* Debug */,
				D65327CB2A18DE1A002C7E9E /* Release */,
			);
			defaultConfigurationIsVisible = 0;
			defaultConfigurationName = Release;
		};
		D65327CC2A18DE1A002C7E9E /* Build configuration list for PBXNativeTarget "Galasin" */ = {
			isa = XCConfigurationList;
			buildConfigurations = (
				D65327CD2A18DE1A002C7E9E /* Debug */,
				D65327CE2A18DE1A002C7E9E /* Release */,
			);
			defaultConfigurationIsVisible = 0;
			defaultConfigurationName = Release;
		};
/* End XCConfigurationList section */
	};
	rootObject = D65327B62A18DE1A002C7E9E /* Project object */;
}
